
Microsoft Visual Studio Solution File, Format Version 12.00
# Visual Studio Version 17
VisualStudioVersion = 17.0.32112.339
MinimumVisualStudioVersion = 10.0.40219.1
Project("{FAE04EC0-301F-11D3-BF4B-00C04F79EFBC}") = "Autoservice_Framework", "Autoservice_Framework\Autoservice_Framework.csproj", "{755FD2CD-70F1-4546-8009-C36C742D3AC8}"
EndProject
Global
	GlobalSection(SolutionConfigurationPlatforms) = preSolution
		Debug|Any CPU = Debug|Any CPU
		Release|Any CPU = Release|Any CPU
	EndGlobalSection
	GlobalSection(ProjectConfigurationPlatforms) = postSolution
		{755FD2CD-70F1-4546-8009-C36C742D3AC8}.Debug|Any CPU.ActiveCfg = Debug|Any CPU
		{755FD2CD-70F1-4546-8009-C36C742D3AC8}.Debug|Any CPU.Build.0 = Debug|Any CPU
		{755FD2CD-70F1-4546-8009-C36C742D3AC8}.Release|Any CPU.ActiveCfg = Release|Any CPU
		{755FD2CD-70F1-4546-8009-C36C742D3AC8}.Release|Any CPU.Build.0 = Release|Any CPU
	EndGlobalSection
	GlobalSection(SolutionProperties) = preSolution
		HideSolutionNode = FALSE
	EndGlobalSection
	GlobalSection(ExtensibilityGlobals) = postSolution
		SolutionGuid = {9BF76325-7E62-4324-8533-0E1F2DFB3267}
	EndGlobalSection
EndGlobal
